// !$*UTF8*$!
{
	archiveVersion = 1;
	classes = {
	};
	objectVersion = 50;
	objects = {

/* Begin PBXBuildFile section */
		BD39325422E6283F00442F1E /* AppDelegate.m in Sources */ = {isa = PBXBuildFile; fileRef = BD39325322E6283F00442F1E /* AppDelegate.m */; };
		BD39325722E6283F00442F1E /* ViewController.m in Sources */ = {isa = PBXBuildFile; fileRef = BD39325622E6283F00442F1E /* ViewController.m */; };
		BD39325C22E6284000442F1E /* Assets.xcassets in Resources */ = {isa = PBXBuildFile; fileRef = BD39325B22E6284000442F1E /* Assets.xcassets */; };
		BD39325F22E6284000442F1E /* LaunchScreen.storyboard in Resources */ = {isa = PBXBuildFile; fileRef = BD39325D22E6284000442F1E /* LaunchScreen.storyboard */; };
		BD39326222E6284000442F1E /* main.m in Sources */ = {isa = PBXBuildFile; fileRef = BD39326122E6284000442F1E /* main.m */; };
		BD39326922E6290900442F1E /* Main.storyboard in Resources */ = {isa = PBXBuildFile; fileRef = BD39326822E6290900442F1E /* Main.storyboard */; };
		BD39326C22E6296300442F1E /* LSIPersonSearchTableViewController.m in Sources */ = {isa = PBXBuildFile; fileRef = BD39326B22E6296300442F1E /* LSIPersonSearchTableViewController.m */; };
		BD39326F22E629A100442F1E /* LSIPerson.m in Sources */ = {isa = PBXBuildFile; fileRef = BD39326E22E629A100442F1E /* LSIPerson.m */; };
		BD39327222E62BFB00442F1E /* PersonTableViewCell.swift in Sources */ = {isa = PBXBuildFile; fileRef = BD39327122E62BFB00442F1E /* PersonTableViewCell.swift */; };
		BD81EFBB22E630D100F1C7D9 /* PersonController.swift in Sources */ = {isa = PBXBuildFile; fileRef = BD81EFBA22E630D100F1C7D9 /* PersonController.swift */; };
/* End PBXBuildFile section */

/* Begin PBXFileReference section */
		BD39324F22E6283F00442F1E /* iOS6-Hybrid-StarWarsSearch.app */ = {isa = PBXFileReference; explicitFileType = wrapper.application; includeInIndex = 0; path = "iOS6-Hybrid-StarWarsSearch.app"; sourceTree = BUILT_PRODUCTS_DIR; };
		BD39325222E6283F00442F1E /* AppDelegate.h */ = {isa = PBXFileReference; lastKnownFileType = sourcecode.c.h; path = AppDelegate.h; sourceTree = "<group>"; };
		BD39325322E6283F00442F1E /* AppDelegate.m */ = {isa = PBXFileReference; lastKnownFileType = sourcecode.c.objc; path = AppDelegate.m; sourceTree = "<group>"; };
		BD39325522E6283F00442F1E /* ViewController.h */ = {isa = PBXFileReference; lastKnownFileType = sourcecode.c.h; path = ViewController.h; sourceTree = "<group>"; };
		BD39325622E6283F00442F1E /* ViewController.m */ = {isa = PBXFileReference; lastKnownFileType = sourcecode.c.objc; path = ViewController.m; sourceTree = "<group>"; };
		BD39325B22E6284000442F1E /* Assets.xcassets */ = {isa = PBXFileReference; lastKnownFileType = folder.assetcatalog; path = Assets.xcassets; sourceTree = "<group>"; };
		BD39325E22E6284000442F1E /* Base */ = {isa = PBXFileReference; lastKnownFileType = file.storyboard; name = Base; path = Base.lproj/LaunchScreen.storyboard; sourceTree = "<group>"; };
		BD39326022E6284000442F1E /* Info.plist */ = {isa = PBXFileReference; lastKnownFileType = text.plist.xml; path = Info.plist; sourceTree = "<group>"; };
		BD39326122E6284000442F1E /* main.m */ = {isa = PBXFileReference; lastKnownFileType = sourcecode.c.objc; path = main.m; sourceTree = "<group>"; };
		BD39326822E6290900442F1E /* Main.storyboard */ = {isa = PBXFileReference; fileEncoding = 4; lastKnownFileType = file.storyboard; path = Main.storyboard; sourceTree = "<group>"; };
		BD39326A22E6296300442F1E /* LSIPersonSearchTableViewController.h */ = {isa = PBXFileReference; lastKnownFileType = sourcecode.c.h; path = LSIPersonSearchTableViewController.h; sourceTree = "<group>"; };
		BD39326B22E6296300442F1E /* LSIPersonSearchTableViewController.m */ = {isa = PBXFileReference; lastKnownFileType = sourcecode.c.objc; path = LSIPersonSearchTableViewController.m; sourceTree = "<group>"; };
		BD39326D22E629A100442F1E /* LSIPerson.h */ = {isa = PBXFileReference; lastKnownFileType = sourcecode.c.h; path = LSIPerson.h; sourceTree = "<group>"; };
		BD39326E22E629A100442F1E /* LSIPerson.m */ = {isa = PBXFileReference; lastKnownFileType = sourcecode.c.objc; path = LSIPerson.m; sourceTree = "<group>"; };
		BD39327022E62BFB00442F1E /* iOS6-Hybrid-StarWarsSearch-Bridging-Header.h */ = {isa = PBXFileReference; lastKnownFileType = sourcecode.c.h; path = "iOS6-Hybrid-StarWarsSearch-Bridging-Header.h"; sourceTree = "<group>"; };
		BD39327122E62BFB00442F1E /* PersonTableViewCell.swift */ = {isa = PBXFileReference; lastKnownFileType = sourcecode.swift; path = PersonTableViewCell.swift; sourceTree = "<group>"; };
		BD81EFBA22E630D100F1C7D9 /* PersonController.swift */ = {isa = PBXFileReference; lastKnownFileType = sourcecode.swift; path = PersonController.swift; sourceTree = "<group>"; };
/* End PBXFileReference section */

/* Begin PBXFrameworksBuildPhase section */
		BD39324C22E6283F00442F1E /* Frameworks */ = {
			isa = PBXFrameworksBuildPhase;
			buildActionMask = 2147483647;
			files = (
			);
			runOnlyForDeploymentPostprocessing = 0;
		};
/* End PBXFrameworksBuildPhase section */

/* Begin PBXGroup section */
		BD39324622E6283F00442F1E = {
			isa = PBXGroup;
			children = (
				BD39325122E6283F00442F1E /* iOS6-Hybrid-StarWarsSearch */,
				BD39325022E6283F00442F1E /* Products */,
			);
			sourceTree = "<group>";
		};
		BD39325022E6283F00442F1E /* Products */ = {
			isa = PBXGroup;
			children = (
				BD39324F22E6283F00442F1E /* iOS6-Hybrid-StarWarsSearch.app */,
			);
			name = Products;
			sourceTree = "<group>";
		};
		BD39325122E6283F00442F1E /* iOS6-Hybrid-StarWarsSearch */ = {
			isa = PBXGroup;
			children = (
				BD39325222E6283F00442F1E /* AppDelegate.h */,
				BD39325322E6283F00442F1E /* AppDelegate.m */,
				BD39325522E6283F00442F1E /* ViewController.h */,
				BD39325622E6283F00442F1E /* ViewController.m */,
				BD81EFBA22E630D100F1C7D9 /* PersonController.swift */,
				BD39326822E6290900442F1E /* Main.storyboard */,
				BD39327122E62BFB00442F1E /* PersonTableViewCell.swift */,
				BD39326D22E629A100442F1E /* LSIPerson.h */,
				BD39326E22E629A100442F1E /* LSIPerson.m */,
				BD39326A22E6296300442F1E /* LSIPersonSearchTableViewController.h */,
				BD39326B22E6296300442F1E /* LSIPersonSearchTableViewController.m */,
				BD39325B22E6284000442F1E /* Assets.xcassets */,
				BD39325D22E6284000442F1E /* LaunchScreen.storyboard */,
				BD39326022E6284000442F1E /* Info.plist */,
				BD39326122E6284000442F1E /* main.m */,
				BD39327022E62BFB00442F1E /* iOS6-Hybrid-StarWarsSearch-Bridging-Header.h */,
			);
			path = "iOS6-Hybrid-StarWarsSearch";
			sourceTree = "<group>";
		};
/* End PBXGroup section */

/* Begin PBXNativeTarget section */
		BD39324E22E6283F00442F1E /* iOS6-Hybrid-StarWarsSearch */ = {
			isa = PBXNativeTarget;
			buildConfigurationList = BD39326522E6284000442F1E /* Build configuration list for PBXNativeTarget "iOS6-Hybrid-StarWarsSearch" */;
			buildPhases = (
				BD39324B22E6283F00442F1E /* Sources */,
				BD39324C22E6283F00442F1E /* Frameworks */,
				BD39324D22E6283F00442F1E /* Resources */,
			);
			buildRules = (
			);
			dependencies = (
			);
			name = "iOS6-Hybrid-StarWarsSearch";
			productName = "iOS6-Hybrid-StarWarsSearch";
			productReference = BD39324F22E6283F00442F1E /* iOS6-Hybrid-StarWarsSearch.app */;
			productType = "com.apple.product-type.application";
		};
/* End PBXNativeTarget section */

/* Begin PBXProject section */
		BD39324722E6283F00442F1E /* Project object */ = {
			isa = PBXProject;
			attributes = {
				LastUpgradeCheck = 1020;
				ORGANIZATIONNAME = "Lambda, Inc";
				TargetAttributes = {
					BD39324E22E6283F00442F1E = {
						CreatedOnToolsVersion = 10.2.1;
						LastSwiftMigration = 1020;
					};
				};
			};
			buildConfigurationList = BD39324A22E6283F00442F1E /* Build configuration list for PBXProject "iOS6-Hybrid-StarWarsSearch" */;
			compatibilityVersion = "Xcode 9.3";
			developmentRegion = en;
			hasScannedForEncodings = 0;
			knownRegions = (
				en,
				Base,
			);
			mainGroup = BD39324622E6283F00442F1E;
			productRefGroup = BD39325022E6283F00442F1E /* Products */;
			projectDirPath = "";
			projectRoot = "";
			targets = (
				BD39324E22E6283F00442F1E /* iOS6-Hybrid-StarWarsSearch */,
			);
		};
/* End PBXProject section */

/* Begin PBXResourcesBuildPhase section */
		BD39324D22E6283F00442F1E /* Resources */ = {
			isa = PBXResourcesBuildPhase;
			buildActionMask = 2147483647;
			files = (
				BD39325F22E6284000442F1E /* LaunchScreen.storyboard in Resources */,
				BD39326922E6290900442F1E /* Main.storyboard in Resources */,
				BD39325C22E6284000442F1E /* Assets.xcassets in Resources */,
			);
			runOnlyForDeploymentPostprocessing = 0;
		};
/* End PBXResourcesBuildPhase section */

/* Begin PBXSourcesBuildPhase section */
		BD39324B22E6283F00442F1E /* Sources */ = {
			isa = PBXSourcesBuildPhase;
			buildActionMask = 2147483647;
			files = (
				BD39327222E62BFB00442F1E /* PersonTableViewCell.swift in Sources */,
				BD39325722E6283F00442F1E /* ViewController.m in Sources */,
				BD39326222E6284000442F1E /* main.m in Sources */,
				BD39325422E6283F00442F1E /* AppDelegate.m in Sources */,
				BD39326C22E6296300442F1E /* LSIPersonSearchTableViewController.m in Sources */,
				BD81EFBB22E630D100F1C7D9 /* PersonController.swift in Sources */,
				BD39326F22E629A100442F1E /* LSIPerson.m in Sources */,
			);
			runOnlyForDeploymentPostprocessing = 0;
		};
/* End PBXSourcesBuildPhase section */

/* Begin PBXVariantGroup section */
		BD39325D22E6284000442F1E /* LaunchScreen.storyboard */ = {
			isa = PBXVariantGroup;
			children = (
				BD39325E22E6284000442F1E /* Base */,
			);
			name = LaunchScreen.storyboard;
			sourceTree = "<group>";
		};
/* End PBXVariantGroup section */

/* Begin XCBuildConfiguration section */
		BD39326322E6284000442F1E /* Debug */ = {
			isa = XCBuildConfiguration;
			buildSettings = {
				ALWAYS_SEARCH_USER_PATHS = NO;
				CLANG_ANALYZER_NONNULL = YES;
				CLANG_ANALYZER_NUMBER_OBJECT_CONVERSION = YES_AGGRESSIVE;
				CLANG_CXX_LANGUAGE_STANDARD = "gnu++14";
				CLANG_CXX_LIBRARY = "libc++";
				CLANG_ENABLE_MODULES = YES;
				CLANG_ENABLE_OBJC_ARC = YES;
				CLANG_ENABLE_OBJC_WEAK = YES;
				CLANG_WARN_BLOCK_CAPTURE_AUTORELEASING = YES;
				CLANG_WARN_BOOL_CONVERSION = YES;
				CLANG_WARN_COMMA = YES;
				CLANG_WARN_CONSTANT_CONVERSION = YES;
				CLANG_WARN_DEPRECATED_OBJC_IMPLEMENTATIONS = YES;
				CLANG_WARN_DIRECT_OBJC_ISA_USAGE = YES_ERROR;
				CLANG_WARN_DOCUMENTATION_COMMENTS = YES;
				CLANG_WARN_EMPTY_BODY = YES;
				CLANG_WARN_ENUM_CONVERSION = YES;
				CLANG_WARN_INFINITE_RECURSION = YES;
				CLANG_WARN_INT_CONVERSION = YES;
				CLANG_WARN_NON_LITERAL_NULL_CONVERSION = YES;
				CLANG_WARN_OBJC_IMPLICIT_RETAIN_SELF = YES;
				CLANG_WARN_OBJC_LITERAL_CONVERSION = YES;
				CLANG_WARN_OBJC_ROOT_CLASS = YES_ERROR;
				CLANG_WARN_RANGE_LOOP_ANALYSIS = YES;
				CLANG_WARN_STRICT_PROTOTYPES = YES;
				CLANG_WARN_SUSPICIOUS_MOVE = YES;
				CLANG_WARN_UNGUARDED_AVAILABILITY = YES_AGGRESSIVE;
				CLANG_WARN_UNREACHABLE_CODE = YES;
				CLANG_WARN__DUPLICATE_METHOD_MATCH = YES;
				CODE_SIGN_IDENTITY = "iPhone Developer";
				COPY_PHASE_STRIP = NO;
				DEBUG_INFORMATION_FORMAT = dwarf;
				ENABLE_STRICT_OBJC_MSGSEND = YES;
				ENABLE_TESTABILITY = YES;
				GCC_C_LANGUAGE_STANDARD = gnu11;
				GCC_DYNAMIC_NO_PIC = NO;
				GCC_NO_COMMON_BLOCKS = YES;
				GCC_OPTIMIZATION_LEVEL = 0;
				GCC_PREPROCESSOR_DEFINITIONS = (
					"DEBUG=1",
					"$(inherited)",
				);
				GCC_WARN_64_TO_32_BIT_CONVERSION = YES;
				GCC_WARN_ABOUT_RETURN_TYPE = YES_ERROR;
				GCC_WARN_UNDECLARED_SELECTOR = YES;
				GCC_WARN_UNINITIALIZED_AUTOS = YES_AGGRESSIVE;
				GCC_WARN_UNUSED_FUNCTION = YES;
				GCC_WARN_UNUSED_VARIABLE = YES;
				IPHONEOS_DEPLOYMENT_TARGET = 12.2;
				MTL_ENABLE_DEBUG_INFO = INCLUDE_SOURCE;
				MTL_FAST_MATH = YES;
				ONLY_ACTIVE_ARCH = YES;
				SDKROOT = iphoneos;
			};
			name = Debug;
		};
		BD39326422E6284000442F1E /* Release */ = {
			isa = XCBuildConfiguration;
			buildSettings = {
				ALWAYS_SEARCH_USER_PATHS = NO;
				CLANG_ANALYZER_NONNULL = YES;
				CLANG_ANALYZER_NUMBER_OBJECT_CONVERSION = YES_AGGRESSIVE;
				CLANG_CXX_LANGUAGE_STANDARD = "gnu++14";
				CLANG_CXX_LIBRARY = "libc++";
				CLANG_ENABLE_MODULES = YES;
				CLANG_ENABLE_OBJC_ARC = YES;
				CLANG_ENABLE_OBJC_WEAK = YES;
				CLANG_WARN_BLOCK_CAPTURE_AUTORELEASING = YES;
				CLANG_WARN_BOOL_CONVERSION = YES;
				CLANG_WARN_COMMA = YES;
				CLANG_WARN_CONSTANT_CONVERSION = YES;
				CLANG_WARN_DEPRECATED_OBJC_IMPLEMENTATIONS = YES;
				CLANG_WARN_DIRECT_OBJC_ISA_USAGE = YES_ERROR;
				CLANG_WARN_DOCUMENTATION_COMMENTS = YES;
				CLANG_WARN_EMPTY_BODY = YES;
				CLANG_WARN_ENUM_CONVERSION = YES;
				CLANG_WARN_INFINITE_RECURSION = YES;
				CLANG_WARN_INT_CONVERSION = YES;
				CLANG_WARN_NON_LITERAL_NULL_CONVERSION = YES;
				CLANG_WARN_OBJC_IMPLICIT_RETAIN_SELF = YES;
				CLANG_WARN_OBJC_LITERAL_CONVERSION = YES;
				CLANG_WARN_OBJC_ROOT_CLASS = YES_ERROR;
				CLANG_WARN_RANGE_LOOP_ANALYSIS = YES;
				CLANG_WARN_STRICT_PROTOTYPES = YES;
				CLANG_WARN_SUSPICIOUS_MOVE = YES;
				CLANG_WARN_UNGUARDED_AVAILABILITY = YES_AGGRESSIVE;
				CLANG_WARN_UNREACHABLE_CODE = YES;
				CLANG_WARN__DUPLICATE_METHOD_MATCH = YES;
				CODE_SIGN_IDENTITY = "iPhone Developer";
				COPY_PHASE_STRIP = NO;
				DEBUG_INFORMATION_FORMAT = "dwarf-with-dsym";
				ENABLE_NS_ASSERTIONS = NO;
				ENABLE_STRICT_OBJC_MSGSEND = YES;
				GCC_C_LANGUAGE_STANDARD = gnu11;
				GCC_NO_COMMON_BLOCKS = YES;
				GCC_WARN_64_TO_32_BIT_CONVERSION = YES;
				GCC_WARN_ABOUT_RETURN_TYPE = YES_ERROR;
				GCC_WARN_UNDECLARED_SELECTOR = YES;
				GCC_WARN_UNINITIALIZED_AUTOS = YES_AGGRESSIVE;
				GCC_WARN_UNUSED_FUNCTION = YES;
				GCC_WARN_UNUSED_VARIABLE = YES;
				IPHONEOS_DEPLOYMENT_TARGET = 12.2;
				MTL_ENABLE_DEBUG_INFO = NO;
				MTL_FAST_MATH = YES;
				SDKROOT = iphoneos;
				VALIDATE_PRODUCT = YES;
			};
			name = Release;
		};
		BD39326622E6284000442F1E /* Debug */ = {
			isa = XCBuildConfiguration;
			buildSettings = {
				ASSETCATALOG_COMPILER_APPICON_NAME = AppIcon;
				CLANG_ENABLE_MODULES = YES;
				CODE_SIGN_STYLE = Automatic;
				DEVELOPMENT_TEAM = VXUQXR6S56;
				INFOPLIST_FILE = "iOS6-Hybrid-StarWarsSearch/Info.plist";
				LD_RUNPATH_SEARCH_PATHS = (
					"$(inherited)",
					"@executable_path/Frameworks",
				);
				PRODUCT_BUNDLE_IDENTIFIER = "com.lambdaschool.iOS6-Hybrid-StarWarsSearch";
				PRODUCT_NAME = "$(TARGET_NAME)";
				SWIFT_OBJC_BRIDGING_HEADER = "iOS6-Hybrid-StarWarsSearch/iOS6-Hybrid-StarWarsSearch-Bridging-Header.h";
				SWIFT_OPTIMIZATION_LEVEL = "-Onone";
				SWIFT_VERSION = 5.0;
				TARGETED_DEVICE_FAMILY = "1,2";
			};
			name = Debug;
		};
		BD39326722E6284000442F1E /* Release */ = {
			isa = XCBuildConfiguration;
			buildSettings = {
				ASSETCATALOG_COMPILER_APPICON_NAME = AppIcon;
				CLANG_ENABLE_MODULES = YES;
				CODE_SIGN_STYLE = Automatic;
				DEVELOPMENT_TEAM = VXUQXR6S56;
				INFOPLIST_FILE = "iOS6-Hybrid-StarWarsSearch/Info.plist";
				LD_RUNPATH_SEARCH_PATHS = (
					"$(inherited)",
					"@executable_path/Frameworks",
				);
				PRODUCT_BUNDLE_IDENTIFIER = "com.lambdaschool.iOS6-Hybrid-StarWarsSearch";
				PRODUCT_NAME = "$(TARGET_NAME)";
				SWIFT_OBJC_BRIDGING_HEADER = "iOS6-Hybrid-StarWarsSearch/iOS6-Hybrid-StarWarsSearch-Bridging-Header.h";
				SWIFT_VERSION = 5.0;
				TARGETED_DEVICE_FAMILY = "1,2";
			};
			name = Release;
		};
/* End XCBuildConfiguration section */

/* Begin XCConfigurationList section */
		BD39324A22E6283F00442F1E /* Build configuration list for PBXProject "iOS6-Hybrid-StarWarsSearch" */ = {
			isa = XCConfigurationList;
			buildConfigurations = (
				BD39326322E6284000442F1E /* Debug */,
				BD39326422E6284000442F1E /* Release */,
			);
			defaultConfigurationIsVisible = 0;
			defaultConfigurationName = Release;
		};
		BD39326522E6284000442F1E /* Build configuration list for PBXNativeTarget "iOS6-Hybrid-StarWarsSearch" */ = {
			isa = XCConfigurationList;
			buildConfigurations = (
				BD39326622E6284000442F1E /* Debug */,
				BD39326722E6284000442F1E /* Release */,
			);
			defaultConfigurationIsVisible = 0;
			defaultConfigurationName = Release;
		};
/* End XCConfigurationList section */
	};
	rootObject = BD39324722E6283F00442F1E /* Project object */;
}
